// !$*UTF8*$!
{
	archiveVersion = 1;
	classes = {
	};
	objectVersion = 56;
	objects = {

/* Begin PBXBuildFile section */
		471D48FE29F114AF003C07F1 /* UIView+Congratulator.swift in Sources */ = {isa = PBXBuildFile; fileRef = 471D48FD29F114AF003C07F1 /* UIView+Congratulator.swift */; };
		471D490229F11701003C07F1 /* PublishedOnMain.swift in Sources */ = {isa = PBXBuildFile; fileRef = 471D490129F11701003C07F1 /* PublishedOnMain.swift */; };
		471D490429F206DF003C07F1 /* UIView+DebugBorder.swift in Sources */ = {isa = PBXBuildFile; fileRef = 471D490329F206DF003C07F1 /* UIView+DebugBorder.swift */; };
		471D490729F239CA003C07F1 /* Rank.swift in Sources */ = {isa = PBXBuildFile; fileRef = 471D490629F239CA003C07F1 /* Rank.swift */; };
		471D490929F257E1003C07F1 /* ActionView.swift in Sources */ = {isa = PBXBuildFile; fileRef = 471D490829F257E1003C07F1 /* ActionView.swift */; };
		471D490B29F262D1003C07F1 /* HexagonView.swift in Sources */ = {isa = PBXBuildFile; fileRef = 471D490A29F262D1003C07F1 /* HexagonView.swift */; };
		471D490E29F26CB3003C07F1 /* UIColor+Bee.swift in Sources */ = {isa = PBXBuildFile; fileRef = 471D490D29F26CB3003C07F1 /* UIColor+Bee.swift */; };
		4799C61629CBE7E400507853 /* AppDelegate.swift in Sources */ = {isa = PBXBuildFile; fileRef = 4799C61529CBE7E400507853 /* AppDelegate.swift */; };
		4799C61829CBE7E400507853 /* SceneDelegate.swift in Sources */ = {isa = PBXBuildFile; fileRef = 4799C61729CBE7E400507853 /* SceneDelegate.swift */; };
		4799C61A29CBE7E400507853 /* RootViewController.swift in Sources */ = {isa = PBXBuildFile; fileRef = 4799C61929CBE7E400507853 /* RootViewController.swift */; };
		4799C61F29CBE7E600507853 /* Assets.xcassets in Resources */ = {isa = PBXBuildFile; fileRef = 4799C61E29CBE7E600507853 /* Assets.xcassets */; };
		4799C62229CBE7E600507853 /* LaunchScreen.storyboard in Resources */ = {isa = PBXBuildFile; fileRef = 4799C62029CBE7E600507853 /* LaunchScreen.storyboard */; };
		4799C62D29CBE7E700507853 /* HexingBeeTests.swift in Sources */ = {isa = PBXBuildFile; fileRef = 4799C62C29CBE7E700507853 /* HexingBeeTests.swift */; };
		4799C64629CBF23700507853 /* Bee.swift in Sources */ = {isa = PBXBuildFile; fileRef = 4799C64529CBF23700507853 /* Bee.swift */; };
		4799C64B29CD471A00507853 /* FoundWordsViewController.swift in Sources */ = {isa = PBXBuildFile; fileRef = 4799C64A29CD471A00507853 /* FoundWordsViewController.swift */; };
		4799C64D29CF7EAA00507853 /* HexingBeeViewModel.swift in Sources */ = {isa = PBXBuildFile; fileRef = 4799C64C29CF7EAA00507853 /* HexingBeeViewModel.swift */; };
		4799C65029D0EC7500507853 /* HexingBeeAPI.swift in Sources */ = {isa = PBXBuildFile; fileRef = 4799C64F29D0EC7500507853 /* HexingBeeAPI.swift */; };
		4799C65229D0ED0700507853 /* HexingBeeDI.swift in Sources */ = {isa = PBXBuildFile; fileRef = 4799C65129D0ED0700507853 /* HexingBeeDI.swift */; };
		4799C65429D348BC00507853 /* HiveView.swift in Sources */ = {isa = PBXBuildFile; fileRef = 4799C65329D348BC00507853 /* HiveView.swift */; };
		4799C65629D4059100507853 /* ScoreView.swift in Sources */ = {isa = PBXBuildFile; fileRef = 4799C65529D4059100507853 /* ScoreView.swift */; };
		D11331540BC37C85DB1AAEA7 /* Pods_HexingBeeTests.framework in Frameworks */ = {isa = PBXBuildFile; fileRef = AE960684B0FB3787FE0FB76F /* Pods_HexingBeeTests.framework */; };
		FCB6B5F29426C30AD4EFEBD3 /* Pods_HexingBee.framework in Frameworks */ = {isa = PBXBuildFile; fileRef = D1F37339C16E8F05479D8833 /* Pods_HexingBee.framework */; };
/* End PBXBuildFile section */

/* Begin PBXContainerItemProxy section */
		4799C62929CBE7E700507853 /* PBXContainerItemProxy */ = {
			isa = PBXContainerItemProxy;
			containerPortal = 4799C60A29CBE7E400507853 /* Project object */;
			proxyType = 1;
			remoteGlobalIDString = 4799C61129CBE7E400507853;
			remoteInfo = SpellingBee;
		};
/* End PBXContainerItemProxy section */

/* Begin PBXFileReference section */
		178A7555F8F62C34BD9D2D15 /* Pods-HexingBee.release.xcconfig */ = {isa = PBXFileReference; includeInIndex = 1; lastKnownFileType = text.xcconfig; name = "Pods-HexingBee.release.xcconfig"; path = "Target Support Files/Pods-HexingBee/Pods-HexingBee.release.xcconfig"; sourceTree = "<group>"; };
		471D48FD29F114AF003C07F1 /* UIView+Congratulator.swift */ = {isa = PBXFileReference; lastKnownFileType = sourcecode.swift; path = "UIView+Congratulator.swift"; sourceTree = "<group>"; };
		471D490129F11701003C07F1 /* PublishedOnMain.swift */ = {isa = PBXFileReference; fileEncoding = 4; lastKnownFileType = sourcecode.swift; path = PublishedOnMain.swift; sourceTree = "<group>"; };
		471D490329F206DF003C07F1 /* UIView+DebugBorder.swift */ = {isa = PBXFileReference; lastKnownFileType = sourcecode.swift; path = "UIView+DebugBorder.swift"; sourceTree = "<group>"; };
		471D490629F239CA003C07F1 /* Rank.swift */ = {isa = PBXFileReference; lastKnownFileType = sourcecode.swift; path = Rank.swift; sourceTree = "<group>"; };
		471D490829F257E1003C07F1 /* ActionView.swift */ = {isa = PBXFileReference; lastKnownFileType = sourcecode.swift; path = ActionView.swift; sourceTree = "<group>"; };
		471D490A29F262D1003C07F1 /* HexagonView.swift */ = {isa = PBXFileReference; lastKnownFileType = sourcecode.swift; path = HexagonView.swift; sourceTree = "<group>"; };
		471D490D29F26CB3003C07F1 /* UIColor+Bee.swift */ = {isa = PBXFileReference; lastKnownFileType = sourcecode.swift; path = "UIColor+Bee.swift"; sourceTree = "<group>"; };
		4799C61229CBE7E400507853 /* HexingBee.app */ = {isa = PBXFileReference; explicitFileType = wrapper.application; includeInIndex = 0; path = HexingBee.app; sourceTree = BUILT_PRODUCTS_DIR; };
		4799C61529CBE7E400507853 /* AppDelegate.swift */ = {isa = PBXFileReference; lastKnownFileType = sourcecode.swift; path = AppDelegate.swift; sourceTree = "<group>"; };
		4799C61729CBE7E400507853 /* SceneDelegate.swift */ = {isa = PBXFileReference; lastKnownFileType = sourcecode.swift; path = SceneDelegate.swift; sourceTree = "<group>"; };
		4799C61929CBE7E400507853 /* RootViewController.swift */ = {isa = PBXFileReference; lastKnownFileType = sourcecode.swift; path = RootViewController.swift; sourceTree = "<group>"; };
		4799C61E29CBE7E600507853 /* Assets.xcassets */ = {isa = PBXFileReference; lastKnownFileType = folder.assetcatalog; path = Assets.xcassets; sourceTree = "<group>"; };
		4799C62129CBE7E600507853 /* Base */ = {isa = PBXFileReference; lastKnownFileType = file.storyboard; name = Base; path = Base.lproj/LaunchScreen.storyboard; sourceTree = "<group>"; };
		4799C62329CBE7E600507853 /* Info.plist */ = {isa = PBXFileReference; lastKnownFileType = text.plist.xml; path = Info.plist; sourceTree = "<group>"; };
		4799C62829CBE7E700507853 /* HexingBeeTests.xctest */ = {isa = PBXFileReference; explicitFileType = wrapper.cfbundle; includeInIndex = 0; path = HexingBeeTests.xctest; sourceTree = BUILT_PRODUCTS_DIR; };
		4799C62C29CBE7E700507853 /* HexingBeeTests.swift */ = {isa = PBXFileReference; lastKnownFileType = sourcecode.swift; path = HexingBeeTests.swift; sourceTree = "<group>"; };
		4799C64529CBF23700507853 /* Bee.swift */ = {isa = PBXFileReference; lastKnownFileType = sourcecode.swift; path = Bee.swift; sourceTree = "<group>"; };
		4799C64A29CD471A00507853 /* FoundWordsViewController.swift */ = {isa = PBXFileReference; lastKnownFileType = sourcecode.swift; path = FoundWordsViewController.swift; sourceTree = "<group>"; };
		4799C64C29CF7EAA00507853 /* HexingBeeViewModel.swift */ = {isa = PBXFileReference; lastKnownFileType = sourcecode.swift; path = HexingBeeViewModel.swift; sourceTree = "<group>"; };
		4799C64F29D0EC7500507853 /* HexingBeeAPI.swift */ = {isa = PBXFileReference; lastKnownFileType = sourcecode.swift; path = HexingBeeAPI.swift; sourceTree = "<group>"; };
		4799C65129D0ED0700507853 /* HexingBeeDI.swift */ = {isa = PBXFileReference; lastKnownFileType = sourcecode.swift; path = HexingBeeDI.swift; sourceTree = "<group>"; };
		4799C65329D348BC00507853 /* HiveView.swift */ = {isa = PBXFileReference; lastKnownFileType = sourcecode.swift; path = HiveView.swift; sourceTree = "<group>"; };
		4799C65529D4059100507853 /* ScoreView.swift */ = {isa = PBXFileReference; lastKnownFileType = sourcecode.swift; path = ScoreView.swift; sourceTree = "<group>"; };
		4799C65729D8A33600507853 /* test_bee.json */ = {isa = PBXFileReference; lastKnownFileType = text.json; path = test_bee.json; sourceTree = "<group>"; };
		691F68B6B0A6B03A4A05C582 /* Pods-HexingBeeTests.release.xcconfig */ = {isa = PBXFileReference; includeInIndex = 1; lastKnownFileType = text.xcconfig; name = "Pods-HexingBeeTests.release.xcconfig"; path = "Target Support Files/Pods-HexingBeeTests/Pods-HexingBeeTests.release.xcconfig"; sourceTree = "<group>"; };
		AE960684B0FB3787FE0FB76F /* Pods_HexingBeeTests.framework */ = {isa = PBXFileReference; explicitFileType = wrapper.framework; includeInIndex = 0; path = Pods_HexingBeeTests.framework; sourceTree = BUILT_PRODUCTS_DIR; };
		C46805A827E4063C52E34DD3 /* Pods-HexingBee.debug.xcconfig */ = {isa = PBXFileReference; includeInIndex = 1; lastKnownFileType = text.xcconfig; name = "Pods-HexingBee.debug.xcconfig"; path = "Target Support Files/Pods-HexingBee/Pods-HexingBee.debug.xcconfig"; sourceTree = "<group>"; };
		CA55645FDEDD0ED6778DD8D4 /* Pods-HexingBeeTests.debug.xcconfig */ = {isa = PBXFileReference; includeInIndex = 1; lastKnownFileType = text.xcconfig; name = "Pods-HexingBeeTests.debug.xcconfig"; path = "Target Support Files/Pods-HexingBeeTests/Pods-HexingBeeTests.debug.xcconfig"; sourceTree = "<group>"; };
		D1F37339C16E8F05479D8833 /* Pods_HexingBee.framework */ = {isa = PBXFileReference; explicitFileType = wrapper.framework; includeInIndex = 0; path = Pods_HexingBee.framework; sourceTree = BUILT_PRODUCTS_DIR; };
/* End PBXFileReference section */

/* Begin PBXFrameworksBuildPhase section */
		4799C60F29CBE7E400507853 /* Frameworks */ = {
			isa = PBXFrameworksBuildPhase;
			buildActionMask = 2147483647;
			files = (
				FCB6B5F29426C30AD4EFEBD3 /* Pods_HexingBee.framework in Frameworks */,
			);
			runOnlyForDeploymentPostprocessing = 0;
		};
		4799C62529CBE7E700507853 /* Frameworks */ = {
			isa = PBXFrameworksBuildPhase;
			buildActionMask = 2147483647;
			files = (
				D11331540BC37C85DB1AAEA7 /* Pods_HexingBeeTests.framework in Frameworks */,
			);
			runOnlyForDeploymentPostprocessing = 0;
		};
/* End PBXFrameworksBuildPhase section */

/* Begin PBXGroup section */
		471D47B229E38975003C07F1 /* Model */ = {
			isa = PBXGroup;
			children = (
				4799C64F29D0EC7500507853 /* HexingBeeAPI.swift */,
				4799C64529CBF23700507853 /* Bee.swift */,
				471D490629F239CA003C07F1 /* Rank.swift */,
				4799C65729D8A33600507853 /* test_bee.json */,
			);
			path = Model;
			sourceTree = "<group>";
		};
		471D48FF29F116C5003C07F1 /* Shared */ = {
			isa = PBXGroup;
			children = (
				471D490029F116D1003C07F1 /* Combine */,
				471D490F29F26CC9003C07F1 /* Style */,
				471D490529F237CE003C07F1 /* UIKit */,
			);
			path = Shared;
			sourceTree = "<group>";
		};
		471D490029F116D1003C07F1 /* Combine */ = {
			isa = PBXGroup;
			children = (
				471D490129F11701003C07F1 /* PublishedOnMain.swift */,
			);
			path = Combine;
			sourceTree = "<group>";
		};
		471D490529F237CE003C07F1 /* UIKit */ = {
			isa = PBXGroup;
			children = (
				471D48FD29F114AF003C07F1 /* UIView+Congratulator.swift */,
				471D490329F206DF003C07F1 /* UIView+DebugBorder.swift */,
			);
			path = UIKit;
			sourceTree = "<group>";
		};
		471D490C29F2633D003C07F1 /* ViewModel */ = {
			isa = PBXGroup;
			children = (
				4799C64C29CF7EAA00507853 /* HexingBeeViewModel.swift */,
			);
			path = ViewModel;
			sourceTree = "<group>";
		};
		471D490F29F26CC9003C07F1 /* Style */ = {
			isa = PBXGroup;
			children = (
				471D490D29F26CB3003C07F1 /* UIColor+Bee.swift */,
			);
			path = Style;
			sourceTree = "<group>";
		};
		4799C60929CBE7E400507853 = {
			isa = PBXGroup;
			children = (
				4799C61429CBE7E400507853 /* HexingBee */,
				4799C62B29CBE7E700507853 /* HexingBeeTests */,
				4799C61329CBE7E400507853 /* Products */,
				DF1FA5A52D434842D157EEDC /* Pods */,
				A5CA40566278BF8E8F0ED155 /* Frameworks */,
			);
			sourceTree = "<group>";
		};
		4799C61329CBE7E400507853 /* Products */ = {
			isa = PBXGroup;
			children = (
				4799C61229CBE7E400507853 /* HexingBee.app */,
				4799C62829CBE7E700507853 /* HexingBeeTests.xctest */,
			);
			name = Products;
			sourceTree = "<group>";
		};
		4799C61429CBE7E400507853 /* HexingBee */ = {
			isa = PBXGroup;
			children = (
				4799C64729CD465900507853 /* App */,
				471D47B229E38975003C07F1 /* Model */,
				471D48FF29F116C5003C07F1 /* Shared */,
				471D490C29F2633D003C07F1 /* ViewModel */,
				4799C64E29D0EC4700507853 /* Views */,
				4799C61E29CBE7E600507853 /* Assets.xcassets */,
				4799C62029CBE7E600507853 /* LaunchScreen.storyboard */,
				4799C62329CBE7E600507853 /* Info.plist */,
			);
			path = HexingBee;
			sourceTree = "<group>";
		};
		4799C62B29CBE7E700507853 /* HexingBeeTests */ = {
			isa = PBXGroup;
			children = (
				4799C62C29CBE7E700507853 /* HexingBeeTests.swift */,
			);
			path = HexingBeeTests;
			sourceTree = "<group>";
		};
		4799C64729CD465900507853 /* App */ = {
			isa = PBXGroup;
			children = (
				4799C61529CBE7E400507853 /* AppDelegate.swift */,
				4799C61729CBE7E400507853 /* SceneDelegate.swift */,
				4799C65129D0ED0700507853 /* HexingBeeDI.swift */,
			);
			path = App;
			sourceTree = "<group>";
		};
		4799C64E29D0EC4700507853 /* Views */ = {
			isa = PBXGroup;
			children = (
				471D490829F257E1003C07F1 /* ActionView.swift */,
				4799C64A29CD471A00507853 /* FoundWordsViewController.swift */,
				471D490A29F262D1003C07F1 /* HexagonView.swift */,
				4799C65329D348BC00507853 /* HiveView.swift */,
				4799C61929CBE7E400507853 /* RootViewController.swift */,
				4799C65529D4059100507853 /* ScoreView.swift */,
			);
			path = Views;
			sourceTree = "<group>";
		};
		A5CA40566278BF8E8F0ED155 /* Frameworks */ = {
			isa = PBXGroup;
			children = (
				D1F37339C16E8F05479D8833 /* Pods_HexingBee.framework */,
				AE960684B0FB3787FE0FB76F /* Pods_HexingBeeTests.framework */,
			);
			name = Frameworks;
			sourceTree = "<group>";
		};
		DF1FA5A52D434842D157EEDC /* Pods */ = {
			isa = PBXGroup;
			children = (
				C46805A827E4063C52E34DD3 /* Pods-HexingBee.debug.xcconfig */,
				178A7555F8F62C34BD9D2D15 /* Pods-HexingBee.release.xcconfig */,
				CA55645FDEDD0ED6778DD8D4 /* Pods-HexingBeeTests.debug.xcconfig */,
				691F68B6B0A6B03A4A05C582 /* Pods-HexingBeeTests.release.xcconfig */,
			);
			path = Pods;
			sourceTree = "<group>";
		};
/* End PBXGroup section */

/* Begin PBXNativeTarget section */
		4799C61129CBE7E400507853 /* HexingBee */ = {
			isa = PBXNativeTarget;
			buildConfigurationList = 4799C63C29CBE7E700507853 /* Build configuration list for PBXNativeTarget "HexingBee" */;
			buildPhases = (
				6F22216E07360B4BD2FD6DEC /* [CP] Check Pods Manifest.lock */,
				4799C60E29CBE7E400507853 /* Sources */,
				4799C60F29CBE7E400507853 /* Frameworks */,
				4799C61029CBE7E400507853 /* Resources */,
				BEAF0FBD3BC4B83F1272950F /* [CP] Embed Pods Frameworks */,
			);
			buildRules = (
			);
			dependencies = (
			);
			name = HexingBee;
			productName = SpellingBee;
			productReference = 4799C61229CBE7E400507853 /* HexingBee.app */;
			productType = "com.apple.product-type.application";
		};
		4799C62729CBE7E700507853 /* HexingBeeTests */ = {
			isa = PBXNativeTarget;
			buildConfigurationList = 4799C63F29CBE7E700507853 /* Build configuration list for PBXNativeTarget "HexingBeeTests" */;
			buildPhases = (
				AE033E0604DE863ABA428936 /* [CP] Check Pods Manifest.lock */,
				4799C62429CBE7E700507853 /* Sources */,
				4799C62529CBE7E700507853 /* Frameworks */,
				4799C62629CBE7E700507853 /* Resources */,
				1B52FB715F80009C96049569 /* [CP] Embed Pods Frameworks */,
			);
			buildRules = (
			);
			dependencies = (
				4799C62A29CBE7E700507853 /* PBXTargetDependency */,
			);
			name = HexingBeeTests;
			productName = SpellingBeeTests;
			productReference = 4799C62829CBE7E700507853 /* HexingBeeTests.xctest */;
			productType = "com.apple.product-type.bundle.unit-test";
		};
/* End PBXNativeTarget section */

/* Begin PBXProject section */
		4799C60A29CBE7E400507853 /* Project object */ = {
			isa = PBXProject;
			attributes = {
				BuildIndependentTargetsInParallel = 1;
				LastSwiftUpdateCheck = 1420;
				LastUpgradeCheck = 1420;
				TargetAttributes = {
					4799C61129CBE7E400507853 = {
						CreatedOnToolsVersion = 14.2;
					};
					4799C62729CBE7E700507853 = {
						CreatedOnToolsVersion = 14.2;
						TestTargetID = 4799C61129CBE7E400507853;
					};
				};
			};
			buildConfigurationList = 4799C60D29CBE7E400507853 /* Build configuration list for PBXProject "HexingBee" */;
			compatibilityVersion = "Xcode 14.0";
			developmentRegion = en;
			hasScannedForEncodings = 0;
			knownRegions = (
				en,
				Base,
			);
			mainGroup = 4799C60929CBE7E400507853;
			productRefGroup = 4799C61329CBE7E400507853 /* Products */;
			projectDirPath = "";
			projectRoot = "";
			targets = (
				4799C61129CBE7E400507853 /* HexingBee */,
				4799C62729CBE7E700507853 /* HexingBeeTests */,
			);
		};
/* End PBXProject section */

/* Begin PBXResourcesBuildPhase section */
		4799C61029CBE7E400507853 /* Resources */ = {
			isa = PBXResourcesBuildPhase;
			buildActionMask = 2147483647;
			files = (
				4799C62229CBE7E600507853 /* LaunchScreen.storyboard in Resources */,
				4799C61F29CBE7E600507853 /* Assets.xcassets in Resources */,
			);
			runOnlyForDeploymentPostprocessing = 0;
		};
		4799C62629CBE7E700507853 /* Resources */ = {
			isa = PBXResourcesBuildPhase;
			buildActionMask = 2147483647;
			files = (
			);
			runOnlyForDeploymentPostprocessing = 0;
		};
/* End PBXResourcesBuildPhase section */

/* Begin PBXShellScriptBuildPhase section */
		1B52FB715F80009C96049569 /* [CP] Embed Pods Frameworks */ = {
			isa = PBXShellScriptBuildPhase;
			buildActionMask = 2147483647;
			files = (
			);
			inputFileListPaths = (
				"${PODS_ROOT}/Target Support Files/Pods-HexingBeeTests/Pods-HexingBeeTests-frameworks-${CONFIGURATION}-input-files.xcfilelist",
			);
			name = "[CP] Embed Pods Frameworks";
			outputFileListPaths = (
				"${PODS_ROOT}/Target Support Files/Pods-HexingBeeTests/Pods-HexingBeeTests-frameworks-${CONFIGURATION}-output-files.xcfilelist",
			);
			runOnlyForDeploymentPostprocessing = 0;
			shellPath = /bin/sh;
			shellScript = "\"${PODS_ROOT}/Target Support Files/Pods-HexingBeeTests/Pods-HexingBeeTests-frameworks.sh\"\n";
			showEnvVarsInLog = 0;
		};
		6F22216E07360B4BD2FD6DEC /* [CP] Check Pods Manifest.lock */ = {
			isa = PBXShellScriptBuildPhase;
			buildActionMask = 2147483647;
			files = (
			);
			inputFileListPaths = (
			);
			inputPaths = (
				"${PODS_PODFILE_DIR_PATH}/Podfile.lock",
				"${PODS_ROOT}/Manifest.lock",
			);
			name = "[CP] Check Pods Manifest.lock";
			outputFileListPaths = (
			);
			outputPaths = (
				"$(DERIVED_FILE_DIR)/Pods-HexingBee-checkManifestLockResult.txt",
			);
			runOnlyForDeploymentPostprocessing = 0;
			shellPath = /bin/sh;
			shellScript = "diff \"${PODS_PODFILE_DIR_PATH}/Podfile.lock\" \"${PODS_ROOT}/Manifest.lock\" > /dev/null\nif [ $? != 0 ] ; then\n    # print error to STDERR\n    echo \"error: The sandbox is not in sync with the Podfile.lock. Run 'pod install' or update your CocoaPods installation.\" >&2\n    exit 1\nfi\n# This output is used by Xcode 'outputs' to avoid re-running this script phase.\necho \"SUCCESS\" > \"${SCRIPT_OUTPUT_FILE_0}\"\n";
			showEnvVarsInLog = 0;
		};
		AE033E0604DE863ABA428936 /* [CP] Check Pods Manifest.lock */ = {
			isa = PBXShellScriptBuildPhase;
			buildActionMask = 2147483647;
			files = (
			);
			inputFileListPaths = (
			);
			inputPaths = (
				"${PODS_PODFILE_DIR_PATH}/Podfile.lock",
				"${PODS_ROOT}/Manifest.lock",
			);
			name = "[CP] Check Pods Manifest.lock";
			outputFileListPaths = (
			);
			outputPaths = (
				"$(DERIVED_FILE_DIR)/Pods-HexingBeeTests-checkManifestLockResult.txt",
			);
			runOnlyForDeploymentPostprocessing = 0;
			shellPath = /bin/sh;
			shellScript = "diff \"${PODS_PODFILE_DIR_PATH}/Podfile.lock\" \"${PODS_ROOT}/Manifest.lock\" > /dev/null\nif [ $? != 0 ] ; then\n    # print error to STDERR\n    echo \"error: The sandbox is not in sync with the Podfile.lock. Run 'pod install' or update your CocoaPods installation.\" >&2\n    exit 1\nfi\n# This output is used by Xcode 'outputs' to avoid re-running this script phase.\necho \"SUCCESS\" > \"${SCRIPT_OUTPUT_FILE_0}\"\n";
			showEnvVarsInLog = 0;
		};
		BEAF0FBD3BC4B83F1272950F /* [CP] Embed Pods Frameworks */ = {
			isa = PBXShellScriptBuildPhase;
			buildActionMask = 2147483647;
			files = (
			);
			inputFileListPaths = (
				"${PODS_ROOT}/Target Support Files/Pods-HexingBee/Pods-HexingBee-frameworks-${CONFIGURATION}-input-files.xcfilelist",
			);
			name = "[CP] Embed Pods Frameworks";
			outputFileListPaths = (
				"${PODS_ROOT}/Target Support Files/Pods-HexingBee/Pods-HexingBee-frameworks-${CONFIGURATION}-output-files.xcfilelist",
			);
			runOnlyForDeploymentPostprocessing = 0;
			shellPath = /bin/sh;
			shellScript = "\"${PODS_ROOT}/Target Support Files/Pods-HexingBee/Pods-HexingBee-frameworks.sh\"\n";
			showEnvVarsInLog = 0;
		};
/* End PBXShellScriptBuildPhase section */

/* Begin PBXSourcesBuildPhase section */
		4799C60E29CBE7E400507853 /* Sources */ = {
			isa = PBXSourcesBuildPhase;
			buildActionMask = 2147483647;
			files = (
				471D490929F257E1003C07F1 /* ActionView.swift in Sources */,
				471D490B29F262D1003C07F1 /* HexagonView.swift in Sources */,
				471D490429F206DF003C07F1 /* UIView+DebugBorder.swift in Sources */,
				4799C64B29CD471A00507853 /* FoundWordsViewController.swift in Sources */,
				4799C61A29CBE7E400507853 /* RootViewController.swift in Sources */,
				471D490729F239CA003C07F1 /* Rank.swift in Sources */,
				4799C65429D348BC00507853 /* HiveView.swift in Sources */,
				471D48FE29F114AF003C07F1 /* UIView+Congratulator.swift in Sources */,
				471D490E29F26CB3003C07F1 /* UIColor+Bee.swift in Sources */,
				4799C61629CBE7E400507853 /* AppDelegate.swift in Sources */,
				4799C65029D0EC7500507853 /* HexingBeeAPI.swift in Sources */,
				4799C64D29CF7EAA00507853 /* HexingBeeViewModel.swift in Sources */,
				471D490229F11701003C07F1 /* PublishedOnMain.swift in Sources */,
				4799C65629D4059100507853 /* ScoreView.swift in Sources */,
				4799C61829CBE7E400507853 /* SceneDelegate.swift in Sources */,
				4799C64629CBF23700507853 /* Bee.swift in Sources */,
				4799C65229D0ED0700507853 /* HexingBeeDI.swift in Sources */,
			);
			runOnlyForDeploymentPostprocessing = 0;
		};
		4799C62429CBE7E700507853 /* Sources */ = {
			isa = PBXSourcesBuildPhase;
			buildActionMask = 2147483647;
			files = (
				4799C62D29CBE7E700507853 /* HexingBeeTests.swift in Sources */,
			);
			runOnlyForDeploymentPostprocessing = 0;
		};
/* End PBXSourcesBuildPhase section */

/* Begin PBXTargetDependency section */
		4799C62A29CBE7E700507853 /* PBXTargetDependency */ = {
			isa = PBXTargetDependency;
			target = 4799C61129CBE7E400507853 /* HexingBee */;
			targetProxy = 4799C62929CBE7E700507853 /* PBXContainerItemProxy */;
		};
/* End PBXTargetDependency section */

/* Begin PBXVariantGroup section */
		4799C62029CBE7E600507853 /* LaunchScreen.storyboard */ = {
			isa = PBXVariantGroup;
			children = (
				4799C62129CBE7E600507853 /* Base */,
			);
			name = LaunchScreen.storyboard;
			sourceTree = "<group>";
		};
/* End PBXVariantGroup section */

/* Begin XCBuildConfiguration section */
		4799C63A29CBE7E700507853 /* Debug */ = {
			isa = XCBuildConfiguration;
			buildSettings = {
				ALWAYS_SEARCH_USER_PATHS = NO;
				CLANG_ANALYZER_NONNULL = YES;
				CLANG_ANALYZER_NUMBER_OBJECT_CONVERSION = YES_AGGRESSIVE;
				CLANG_CXX_LANGUAGE_STANDARD = "gnu++20";
				CLANG_ENABLE_MODULES = YES;
				CLANG_ENABLE_OBJC_ARC = YES;
				CLANG_ENABLE_OBJC_WEAK = YES;
				CLANG_WARN_BLOCK_CAPTURE_AUTORELEASING = YES;
				CLANG_WARN_BOOL_CONVERSION = YES;
				CLANG_WARN_COMMA = YES;
				CLANG_WARN_CONSTANT_CONVERSION = YES;
				CLANG_WARN_DEPRECATED_OBJC_IMPLEMENTATIONS = YES;
				CLANG_WARN_DIRECT_OBJC_ISA_USAGE = YES_ERROR;
				CLANG_WARN_DOCUMENTATION_COMMENTS = YES;
				CLANG_WARN_EMPTY_BODY = YES;
				CLANG_WARN_ENUM_CONVERSION = YES;
				CLANG_WARN_INFINITE_RECURSION = YES;
				CLANG_WARN_INT_CONVERSION = YES;
				CLANG_WARN_NON_LITERAL_NULL_CONVERSION = YES;
				CLANG_WARN_OBJC_IMPLICIT_RETAIN_SELF = YES;
				CLANG_WARN_OBJC_LITERAL_CONVERSION = YES;
				CLANG_WARN_OBJC_ROOT_CLASS = YES_ERROR;
				CLANG_WARN_QUOTED_INCLUDE_IN_FRAMEWORK_HEADER = YES;
				CLANG_WARN_RANGE_LOOP_ANALYSIS = YES;
				CLANG_WARN_STRICT_PROTOTYPES = YES;
				CLANG_WARN_SUSPICIOUS_MOVE = YES;
				CLANG_WARN_UNGUARDED_AVAILABILITY = YES_AGGRESSIVE;
				CLANG_WARN_UNREACHABLE_CODE = YES;
				CLANG_WARN__DUPLICATE_METHOD_MATCH = YES;
				COPY_PHASE_STRIP = NO;
				DEBUG_INFORMATION_FORMAT = dwarf;
				ENABLE_STRICT_OBJC_MSGSEND = YES;
				ENABLE_TESTABILITY = YES;
				GCC_C_LANGUAGE_STANDARD = gnu11;
				GCC_DYNAMIC_NO_PIC = NO;
				GCC_NO_COMMON_BLOCKS = YES;
				GCC_OPTIMIZATION_LEVEL = 0;
				GCC_PREPROCESSOR_DEFINITIONS = (
					"DEBUG=1",
					"$(inherited)",
				);
				GCC_WARN_64_TO_32_BIT_CONVERSION = YES;
				GCC_WARN_ABOUT_RETURN_TYPE = YES_ERROR;
				GCC_WARN_UNDECLARED_SELECTOR = YES;
				GCC_WARN_UNINITIALIZED_AUTOS = YES_AGGRESSIVE;
				GCC_WARN_UNUSED_FUNCTION = YES;
				GCC_WARN_UNUSED_VARIABLE = YES;
				IPHONEOS_DEPLOYMENT_TARGET = 16.2;
				MTL_ENABLE_DEBUG_INFO = INCLUDE_SOURCE;
				MTL_FAST_MATH = YES;
				ONLY_ACTIVE_ARCH = YES;
				SDKROOT = iphoneos;
				SWIFT_ACTIVE_COMPILATION_CONDITIONS = DEBUG;
				SWIFT_OPTIMIZATION_LEVEL = "-Onone";
			};
			name = Debug;
		};
		4799C63B29CBE7E700507853 /* Release */ = {
			isa = XCBuildConfiguration;
			buildSettings = {
				ALWAYS_SEARCH_USER_PATHS = NO;
				CLANG_ANALYZER_NONNULL = YES;
				CLANG_ANALYZER_NUMBER_OBJECT_CONVERSION = YES_AGGRESSIVE;
				CLANG_CXX_LANGUAGE_STANDARD = "gnu++20";
				CLANG_ENABLE_MODULES = YES;
				CLANG_ENABLE_OBJC_ARC = YES;
				CLANG_ENABLE_OBJC_WEAK = YES;
				CLANG_WARN_BLOCK_CAPTURE_AUTORELEASING = YES;
				CLANG_WARN_BOOL_CONVERSION = YES;
				CLANG_WARN_COMMA = YES;
				CLANG_WARN_CONSTANT_CONVERSION = YES;
				CLANG_WARN_DEPRECATED_OBJC_IMPLEMENTATIONS = YES;
				CLANG_WARN_DIRECT_OBJC_ISA_USAGE = YES_ERROR;
				CLANG_WARN_DOCUMENTATION_COMMENTS = YES;
				CLANG_WARN_EMPTY_BODY = YES;
				CLANG_WARN_ENUM_CONVERSION = YES;
				CLANG_WARN_INFINITE_RECURSION = YES;
				CLANG_WARN_INT_CONVERSION = YES;
				CLANG_WARN_NON_LITERAL_NULL_CONVERSION = YES;
				CLANG_WARN_OBJC_IMPLICIT_RETAIN_SELF = YES;
				CLANG_WARN_OBJC_LITERAL_CONVERSION = YES;
				CLANG_WARN_OBJC_ROOT_CLASS = YES_ERROR;
				CLANG_WARN_QUOTED_INCLUDE_IN_FRAMEWORK_HEADER = YES;
				CLANG_WARN_RANGE_LOOP_ANALYSIS = YES;
				CLANG_WARN_STRICT_PROTOTYPES = YES;
				CLANG_WARN_SUSPICIOUS_MOVE = YES;
				CLANG_WARN_UNGUARDED_AVAILABILITY = YES_AGGRESSIVE;
				CLANG_WARN_UNREACHABLE_CODE = YES;
				CLANG_WARN__DUPLICATE_METHOD_MATCH = YES;
				COPY_PHASE_STRIP = NO;
				DEBUG_INFORMATION_FORMAT = "dwarf-with-dsym";
				ENABLE_NS_ASSERTIONS = NO;
				ENABLE_STRICT_OBJC_MSGSEND = YES;
				GCC_C_LANGUAGE_STANDARD = gnu11;
				GCC_NO_COMMON_BLOCKS = YES;
				GCC_WARN_64_TO_32_BIT_CONVERSION = YES;
				GCC_WARN_ABOUT_RETURN_TYPE = YES_ERROR;
				GCC_WARN_UNDECLARED_SELECTOR = YES;
				GCC_WARN_UNINITIALIZED_AUTOS = YES_AGGRESSIVE;
				GCC_WARN_UNUSED_FUNCTION = YES;
				GCC_WARN_UNUSED_VARIABLE = YES;
				IPHONEOS_DEPLOYMENT_TARGET = 16.2;
				MTL_ENABLE_DEBUG_INFO = NO;
				MTL_FAST_MATH = YES;
				SDKROOT = iphoneos;
				SWIFT_COMPILATION_MODE = wholemodule;
				SWIFT_OPTIMIZATION_LEVEL = "-O";
				VALIDATE_PRODUCT = YES;
			};
			name = Release;
		};
		4799C63D29CBE7E700507853 /* Debug */ = {
			isa = XCBuildConfiguration;
			baseConfigurationReference = C46805A827E4063C52E34DD3 /* Pods-HexingBee.debug.xcconfig */;
			buildSettings = {
				ASSETCATALOG_COMPILER_APPICON_NAME = AppIcon;
				ASSETCATALOG_COMPILER_GLOBAL_ACCENT_COLOR_NAME = AccentColor;
				CODE_SIGN_STYLE = Automatic;
				CURRENT_PROJECT_VERSION = 1;
				DEVELOPMENT_TEAM = KG9XBZH758;
				GENERATE_INFOPLIST_FILE = YES;
				INFOPLIST_FILE = HexingBee/Info.plist;
				INFOPLIST_KEY_UIApplicationSupportsIndirectInputEvents = YES;
				INFOPLIST_KEY_UILaunchStoryboardName = LaunchScreen;
				INFOPLIST_KEY_UISupportedInterfaceOrientations_iPad = "UIInterfaceOrientationPortrait UIInterfaceOrientationPortraitUpsideDown UIInterfaceOrientationLandscapeLeft UIInterfaceOrientationLandscapeRight";
				INFOPLIST_KEY_UISupportedInterfaceOrientations_iPhone = "UIInterfaceOrientationPortrait UIInterfaceOrientationLandscapeLeft UIInterfaceOrientationLandscapeRight";
				IPHONEOS_DEPLOYMENT_TARGET = 14.2;
				LD_RUNPATH_SEARCH_PATHS = (
					"$(inherited)",
					"@executable_path/Frameworks",
				);
				MARKETING_VERSION = 1.0;
				PRODUCT_BUNDLE_IDENTIFIER = shimmin.HexingBee;
				PRODUCT_NAME = "$(TARGET_NAME)";
				SWIFT_EMIT_LOC_STRINGS = YES;
				SWIFT_VERSION = 5.0;
				TARGETED_DEVICE_FAMILY = "1,2";
			};
			name = Debug;
		};
		4799C63E29CBE7E700507853 /* Release */ = {
			isa = XCBuildConfiguration;
			baseConfigurationReference = 178A7555F8F62C34BD9D2D15 /* Pods-HexingBee.release.xcconfig */;
			buildSettings = {
				ASSETCATALOG_COMPILER_APPICON_NAME = AppIcon;
				ASSETCATALOG_COMPILER_GLOBAL_ACCENT_COLOR_NAME = AccentColor;
				CODE_SIGN_STYLE = Automatic;
				CURRENT_PROJECT_VERSION = 1;
				DEVELOPMENT_TEAM = KG9XBZH758;
				GENERATE_INFOPLIST_FILE = YES;
				INFOPLIST_FILE = HexingBee/Info.plist;
				INFOPLIST_KEY_UIApplicationSupportsIndirectInputEvents = YES;
				INFOPLIST_KEY_UILaunchStoryboardName = LaunchScreen;
				INFOPLIST_KEY_UISupportedInterfaceOrientations_iPad = "UIInterfaceOrientationPortrait UIInterfaceOrientationPortraitUpsideDown UIInterfaceOrientationLandscapeLeft UIInterfaceOrientationLandscapeRight";
				INFOPLIST_KEY_UISupportedInterfaceOrientations_iPhone = "UIInterfaceOrientationPortrait UIInterfaceOrientationLandscapeLeft UIInterfaceOrientationLandscapeRight";
				IPHONEOS_DEPLOYMENT_TARGET = 14.2;
				LD_RUNPATH_SEARCH_PATHS = (
					"$(inherited)",
					"@executable_path/Frameworks",
				);
				MARKETING_VERSION = 1.0;
				PRODUCT_BUNDLE_IDENTIFIER = shimmin.HexingBee;
				PRODUCT_NAME = "$(TARGET_NAME)";
				SWIFT_EMIT_LOC_STRINGS = YES;
				SWIFT_VERSION = 5.0;
				TARGETED_DEVICE_FAMILY = "1,2";
			};
			name = Release;
		};
		4799C64029CBE7E700507853 /* Debug */ = {
			isa = XCBuildConfiguration;
			baseConfigurationReference = CA55645FDEDD0ED6778DD8D4 /* Pods-HexingBeeTests.debug.xcconfig */;
			buildSettings = {
				ALWAYS_EMBED_SWIFT_STANDARD_LIBRARIES = YES;
				BUNDLE_LOADER = "$(TEST_HOST)";
				CODE_SIGN_STYLE = Automatic;
				CURRENT_PROJECT_VERSION = 1;
				DEVELOPMENT_TEAM = KG9XBZH758;
				GENERATE_INFOPLIST_FILE = YES;
				IPHONEOS_DEPLOYMENT_TARGET = 16.2;
				MARKETING_VERSION = 1.0;
				PRODUCT_BUNDLE_IDENTIFIER = shimmin.HexingBeeTests;
				PRODUCT_NAME = "$(TARGET_NAME)";
				SWIFT_EMIT_LOC_STRINGS = NO;
				SWIFT_VERSION = 5.0;
				TARGETED_DEVICE_FAMILY = "1,2";
				TEST_HOST = "$(BUILT_PRODUCTS_DIR)/HexingBee.app/$(BUNDLE_EXECUTABLE_FOLDER_PATH)/HexingBee";
			};
			name = Debug;
		};
		4799C64129CBE7E700507853 /* Release */ = {
			isa = XCBuildConfiguration;
			baseConfigurationReference = 691F68B6B0A6B03A4A05C582 /* Pods-HexingBeeTests.release.xcconfig */;
			buildSettings = {
				ALWAYS_EMBED_SWIFT_STANDARD_LIBRARIES = YES;
				BUNDLE_LOADER = "$(TEST_HOST)";
				CODE_SIGN_STYLE = Automatic;
				CURRENT_PROJECT_VERSION = 1;
				DEVELOPMENT_TEAM = KG9XBZH758;
				GENERATE_INFOPLIST_FILE = YES;
				IPHONEOS_DEPLOYMENT_TARGET = 16.2;
				MARKETING_VERSION = 1.0;
				PRODUCT_BUNDLE_IDENTIFIER = shimmin.HexingBeeTests;
				PRODUCT_NAME = "$(TARGET_NAME)";
				SWIFT_EMIT_LOC_STRINGS = NO;
				SWIFT_VERSION = 5.0;
				TARGETED_DEVICE_FAMILY = "1,2";
				TEST_HOST = "$(BUILT_PRODUCTS_DIR)/HexingBee.app/$(BUNDLE_EXECUTABLE_FOLDER_PATH)/HexingBee";
			};
			name = Release;
		};
/* End XCBuildConfiguration section */

/* Begin XCConfigurationList section */
		4799C60D29CBE7E400507853 /* Build configuration list for PBXProject "HexingBee" */ = {
			isa = XCConfigurationList;
			buildConfigurations = (
				4799C63A29CBE7E700507853 /* Debug */,
				4799C63B29CBE7E700507853 /* Release */,
			);
			defaultConfigurationIsVisible = 0;
			defaultConfigurationName = Release;
		};
		4799C63C29CBE7E700507853 /* Build configuration list for PBXNativeTarget "HexingBee" */ = {
			isa = XCConfigurationList;
			buildConfigurations = (
				4799C63D29CBE7E700507853 /* Debug */,
				4799C63E29CBE7E700507853 /* Release */,
			);
			defaultConfigurationIsVisible = 0;
			defaultConfigurationName = Release;
		};
		4799C63F29CBE7E700507853 /* Build configuration list for PBXNativeTarget "HexingBeeTests" */ = {
			isa = XCConfigurationList;
			buildConfigurations = (
				4799C64029CBE7E700507853 /* Debug */,
				4799C64129CBE7E700507853 /* Release */,
			);
			defaultConfigurationIsVisible = 0;
			defaultConfigurationName = Release;
		};
/* End XCConfigurationList section */
	};
	rootObject = 4799C60A29CBE7E400507853 /* Project object */;
}
