// !$*UTF8*$!
{
	archiveVersion = 1;
	classes = {
	};
	objectVersion = 56;
	objects = {

/* Begin PBXBuildFile section */
		4799C61629CBE7E400507853 /* AppDelegate.swift in Sources */ = {isa = PBXBuildFile; fileRef = 4799C61529CBE7E400507853 /* AppDelegate.swift */; };
		4799C61829CBE7E400507853 /* SceneDelegate.swift in Sources */ = {isa = PBXBuildFile; fileRef = 4799C61729CBE7E400507853 /* SceneDelegate.swift */; };
		4799C61A29CBE7E400507853 /* ViewController.swift in Sources */ = {isa = PBXBuildFile; fileRef = 4799C61929CBE7E400507853 /* ViewController.swift */; };
		4799C61D29CBE7E400507853 /* Main.storyboard in Resources */ = {isa = PBXBuildFile; fileRef = 4799C61B29CBE7E400507853 /* Main.storyboard */; };
		4799C61F29CBE7E600507853 /* Assets.xcassets in Resources */ = {isa = PBXBuildFile; fileRef = 4799C61E29CBE7E600507853 /* Assets.xcassets */; };
		4799C62229CBE7E600507853 /* LaunchScreen.storyboard in Resources */ = {isa = PBXBuildFile; fileRef = 4799C62029CBE7E600507853 /* LaunchScreen.storyboard */; };
		4799C62D29CBE7E700507853 /* SpellingBeeTests.swift in Sources */ = {isa = PBXBuildFile; fileRef = 4799C62C29CBE7E700507853 /* SpellingBeeTests.swift */; };
		4799C63729CBE7E700507853 /* SpellingBeeUITests.swift in Sources */ = {isa = PBXBuildFile; fileRef = 4799C63629CBE7E700507853 /* SpellingBeeUITests.swift */; };
		4799C63929CBE7E700507853 /* SpellingBeeUITestsLaunchTests.swift in Sources */ = {isa = PBXBuildFile; fileRef = 4799C63829CBE7E700507853 /* SpellingBeeUITestsLaunchTests.swift */; };
/* End PBXBuildFile section */

/* Begin PBXContainerItemProxy section */
		4799C62929CBE7E700507853 /* PBXContainerItemProxy */ = {
			isa = PBXContainerItemProxy;
			containerPortal = 4799C60A29CBE7E400507853 /* Project object */;
			proxyType = 1;
			remoteGlobalIDString = 4799C61129CBE7E400507853;
			remoteInfo = SpellingBee;
		};
		4799C63329CBE7E700507853 /* PBXContainerItemProxy */ = {
			isa = PBXContainerItemProxy;
			containerPortal = 4799C60A29CBE7E400507853 /* Project object */;
			proxyType = 1;
			remoteGlobalIDString = 4799C61129CBE7E400507853;
			remoteInfo = SpellingBee;
		};
/* End PBXContainerItemProxy section */

/* Begin PBXFileReference section */
		4799C61229CBE7E400507853 /* SpellingBee.app */ = {isa = PBXFileReference; explicitFileType = wrapper.application; includeInIndex = 0; path = SpellingBee.app; sourceTree = BUILT_PRODUCTS_DIR; };
		4799C61529CBE7E400507853 /* AppDelegate.swift */ = {isa = PBXFileReference; lastKnownFileType = sourcecode.swift; path = AppDelegate.swift; sourceTree = "<group>"; };
		4799C61729CBE7E400507853 /* SceneDelegate.swift */ = {isa = PBXFileReference; lastKnownFileType = sourcecode.swift; path = SceneDelegate.swift; sourceTree = "<group>"; };
		4799C61929CBE7E400507853 /* ViewController.swift */ = {isa = PBXFileReference; lastKnownFileType = sourcecode.swift; path = ViewController.swift; sourceTree = "<group>"; };
		4799C61C29CBE7E400507853 /* Base */ = {isa = PBXFileReference; lastKnownFileType = file.storyboard; name = Base; path = Base.lproj/Main.storyboard; sourceTree = "<group>"; };
		4799C61E29CBE7E600507853 /* Assets.xcassets */ = {isa = PBXFileReference; lastKnownFileType = folder.assetcatalog; path = Assets.xcassets; sourceTree = "<group>"; };
		4799C62129CBE7E600507853 /* Base */ = {isa = PBXFileReference; lastKnownFileType = file.storyboard; name = Base; path = Base.lproj/LaunchScreen.storyboard; sourceTree = "<group>"; };
		4799C62329CBE7E600507853 /* Info.plist */ = {isa = PBXFileReference; lastKnownFileType = text.plist.xml; path = Info.plist; sourceTree = "<group>"; };
		4799C62829CBE7E700507853 /* SpellingBeeTests.xctest */ = {isa = PBXFileReference; explicitFileType = wrapper.cfbundle; includeInIndex = 0; path = SpellingBeeTests.xctest; sourceTree = BUILT_PRODUCTS_DIR; };
		4799C62C29CBE7E700507853 /* SpellingBeeTests.swift */ = {isa = PBXFileReference; lastKnownFileType = sourcecode.swift; path = SpellingBeeTests.swift; sourceTree = "<group>"; };
		4799C63229CBE7E700507853 /* SpellingBeeUITests.xctest */ = {isa = PBXFileReference; explicitFileType = wrapper.cfbundle; includeInIndex = 0; path = SpellingBeeUITests.xctest; sourceTree = BUILT_PRODUCTS_DIR; };
		4799C63629CBE7E700507853 /* SpellingBeeUITests.swift */ = {isa = PBXFileReference; lastKnownFileType = sourcecode.swift; path = SpellingBeeUITests.swift; sourceTree = "<group>"; };
		4799C63829CBE7E700507853 /* SpellingBeeUITestsLaunchTests.swift */ = {isa = PBXFileReference; lastKnownFileType = sourcecode.swift; path = SpellingBeeUITestsLaunchTests.swift; sourceTree = "<group>"; };
/* End PBXFileReference section */

/* Begin PBXFrameworksBuildPhase section */
		4799C60F29CBE7E400507853 /* Frameworks */ = {
			isa = PBXFrameworksBuildPhase;
			buildActionMask = 2147483647;
			files = (
			);
			runOnlyForDeploymentPostprocessing = 0;
		};
		4799C62529CBE7E700507853 /* Frameworks */ = {
			isa = PBXFrameworksBuildPhase;
			buildActionMask = 2147483647;
			files = (
			);
			runOnlyForDeploymentPostprocessing = 0;
		};
		4799C62F29CBE7E700507853 /* Frameworks */ = {
			isa = PBXFrameworksBuildPhase;
			buildActionMask = 2147483647;
			files = (
			);
			runOnlyForDeploymentPostprocessing = 0;
		};
/* End PBXFrameworksBuildPhase section */

/* Begin PBXGroup section */
		4799C60929CBE7E400507853 = {
			isa = PBXGroup;
			children = (
				4799C61429CBE7E400507853 /* SpellingBee */,
				4799C62B29CBE7E700507853 /* SpellingBeeTests */,
				4799C63529CBE7E700507853 /* SpellingBeeUITests */,
				4799C61329CBE7E400507853 /* Products */,
			);
			sourceTree = "<group>";
		};
		4799C61329CBE7E400507853 /* Products */ = {
			isa = PBXGroup;
			children = (
				4799C61229CBE7E400507853 /* SpellingBee.app */,
				4799C62829CBE7E700507853 /* SpellingBeeTests.xctest */,
				4799C63229CBE7E700507853 /* SpellingBeeUITests.xctest */,
			);
			name = Products;
			sourceTree = "<group>";
		};
		4799C61429CBE7E400507853 /* SpellingBee */ = {
			isa = PBXGroup;
			children = (
				4799C61529CBE7E400507853 /* AppDelegate.swift */,
				4799C61729CBE7E400507853 /* SceneDelegate.swift */,
				4799C61929CBE7E400507853 /* ViewController.swift */,
				4799C61B29CBE7E400507853 /* Main.storyboard */,
				4799C61E29CBE7E600507853 /* Assets.xcassets */,
				4799C62029CBE7E600507853 /* LaunchScreen.storyboard */,
				4799C62329CBE7E600507853 /* Info.plist */,
			);
			path = SpellingBee;
			sourceTree = "<group>";
		};
		4799C62B29CBE7E700507853 /* SpellingBeeTests */ = {
			isa = PBXGroup;
			children = (
				4799C62C29CBE7E700507853 /* SpellingBeeTests.swift */,
			);
			path = SpellingBeeTests;
			sourceTree = "<group>";
		};
		4799C63529CBE7E700507853 /* SpellingBeeUITests */ = {
			isa = PBXGroup;
			children = (
				4799C63629CBE7E700507853 /* SpellingBeeUITests.swift */,
				4799C63829CBE7E700507853 /* SpellingBeeUITestsLaunchTests.swift */,
			);
			path = SpellingBeeUITests;
			sourceTree = "<group>";
		};
/* End PBXGroup section */

/* Begin PBXNativeTarget section */
		4799C61129CBE7E400507853 /* SpellingBee */ = {
			isa = PBXNativeTarget;
			buildConfigurationList = 4799C63C29CBE7E700507853 /* Build configuration list for PBXNativeTarget "SpellingBee" */;
			buildPhases = (
				4799C60E29CBE7E400507853 /* Sources */,
				4799C60F29CBE7E400507853 /* Frameworks */,
				4799C61029CBE7E400507853 /* Resources */,
			);
			buildRules = (
			);
			dependencies = (
			);
			name = SpellingBee;
			productName = SpellingBee;
			productReference = 4799C61229CBE7E400507853 /* SpellingBee.app */;
			productType = "com.apple.product-type.application";
		};
		4799C62729CBE7E700507853 /* SpellingBeeTests */ = {
			isa = PBXNativeTarget;
			buildConfigurationList = 4799C63F29CBE7E700507853 /* Build configuration list for PBXNativeTarget "SpellingBeeTests" */;
			buildPhases = (
				4799C62429CBE7E700507853 /* Sources */,
				4799C62529CBE7E700507853 /* Frameworks */,
				4799C62629CBE7E700507853 /* Resources */,
			);
			buildRules = (
			);
			dependencies = (
				4799C62A29CBE7E700507853 /* PBXTargetDependency */,
			);
			name = SpellingBeeTests;
			productName = SpellingBeeTests;
			productReference = 4799C62829CBE7E700507853 /* SpellingBeeTests.xctest */;
			productType = "com.apple.product-type.bundle.unit-test";
		};
		4799C63129CBE7E700507853 /* SpellingBeeUITests */ = {
			isa = PBXNativeTarget;
			buildConfigurationList = 4799C64229CBE7E700507853 /* Build configuration list for PBXNativeTarget "SpellingBeeUITests" */;
			buildPhases = (
				4799C62E29CBE7E700507853 /* Sources */,
				4799C62F29CBE7E700507853 /* Frameworks */,
				4799C63029CBE7E700507853 /* Resources */,
			);
			buildRules = (
			);
			dependencies = (
				4799C63429CBE7E700507853 /* PBXTargetDependency */,
			);
			name = SpellingBeeUITests;
			productName = SpellingBeeUITests;
			productReference = 4799C63229CBE7E700507853 /* SpellingBeeUITests.xctest */;
			productType = "com.apple.product-type.bundle.ui-testing";
		};
/* End PBXNativeTarget section */

/* Begin PBXProject section */
		4799C60A29CBE7E400507853 /* Project object */ = {
			isa = PBXProject;
			attributes = {
				BuildIndependentTargetsInParallel = 1;
				LastSwiftUpdateCheck = 1420;
				LastUpgradeCheck = 1420;
				TargetAttributes = {
					4799C61129CBE7E400507853 = {
						CreatedOnToolsVersion = 14.2;
					};
					4799C62729CBE7E700507853 = {
						CreatedOnToolsVersion = 14.2;
						TestTargetID = 4799C61129CBE7E400507853;
					};
					4799C63129CBE7E700507853 = {
						CreatedOnToolsVersion = 14.2;
						TestTargetID = 4799C61129CBE7E400507853;
					};
				};
			};
			buildConfigurationList = 4799C60D29CBE7E400507853 /* Build configuration list for PBXProject "SpellingBee" */;
			compatibilityVersion = "Xcode 14.0";
			developmentRegion = en;
			hasScannedForEncodings = 0;
			knownRegions = (
				en,
				Base,
			);
			mainGroup = 4799C60929CBE7E400507853;
			productRefGroup = 4799C61329CBE7E400507853 /* Products */;
			projectDirPath = "";
			projectRoot = "";
			targets = (
				4799C61129CBE7E400507853 /* SpellingBee */,
				4799C62729CBE7E700507853 /* SpellingBeeTests */,
				4799C63129CBE7E700507853 /* SpellingBeeUITests */,
			);
		};
/* End PBXProject section */

/* Begin PBXResourcesBuildPhase section */
		4799C61029CBE7E400507853 /* Resources */ = {
			isa = PBXResourcesBuildPhase;
			buildActionMask = 2147483647;
			files = (
				4799C62229CBE7E600507853 /* LaunchScreen.storyboard in Resources */,
				4799C61F29CBE7E600507853 /* Assets.xcassets in Resources */,
				4799C61D29CBE7E400507853 /* Main.storyboard in Resources */,
			);
			runOnlyForDeploymentPostprocessing = 0;
		};
		4799C62629CBE7E700507853 /* Resources */ = {
			isa = PBXResourcesBuildPhase;
			buildActionMask = 2147483647;
			files = (
			);
			runOnlyForDeploymentPostprocessing = 0;
		};
		4799C63029CBE7E700507853 /* Resources */ = {
			isa = PBXResourcesBuildPhase;
			buildActionMask = 2147483647;
			files = (
			);
			runOnlyForDeploymentPostprocessing = 0;
		};
/* End PBXResourcesBuildPhase section */

/* Begin PBXSourcesBuildPhase section */
		4799C60E29CBE7E400507853 /* Sources */ = {
			isa = PBXSourcesBuildPhase;
			buildActionMask = 2147483647;
			files = (
				4799C61A29CBE7E400507853 /* ViewController.swift in Sources */,
				4799C61629CBE7E400507853 /* AppDelegate.swift in Sources */,
				4799C61829CBE7E400507853 /* SceneDelegate.swift in Sources */,
			);
			runOnlyForDeploymentPostprocessing = 0;
		};
		4799C62429CBE7E700507853 /* Sources */ = {
			isa = PBXSourcesBuildPhase;
			buildActionMask = 2147483647;
			files = (
				4799C62D29CBE7E700507853 /* SpellingBeeTests.swift in Sources */,
			);
			runOnlyForDeploymentPostprocessing = 0;
		};
		4799C62E29CBE7E700507853 /* Sources */ = {
			isa = PBXSourcesBuildPhase;
			buildActionMask = 2147483647;
			files = (
				4799C63729CBE7E700507853 /* SpellingBeeUITests.swift in Sources */,
				4799C63929CBE7E700507853 /* SpellingBeeUITestsLaunchTests.swift in Sources */,
			);
			runOnlyForDeploymentPostprocessing = 0;
		};
/* End PBXSourcesBuildPhase section */

/* Begin PBXTargetDependency section */
		4799C62A29CBE7E700507853 /* PBXTargetDependency */ = {
			isa = PBXTargetDependency;
			target = 4799C61129CBE7E400507853 /* SpellingBee */;
			targetProxy = 4799C62929CBE7E700507853 /* PBXContainerItemProxy */;
		};
		4799C63429CBE7E700507853 /* PBXTargetDependency */ = {
			isa = PBXTargetDependency;
			target = 4799C61129CBE7E400507853 /* SpellingBee */;
			targetProxy = 4799C63329CBE7E700507853 /* PBXContainerItemProxy */;
		};
/* End PBXTargetDependency section */

/* Begin PBXVariantGroup section */
		4799C61B29CBE7E400507853 /* Main.storyboard */ = {
			isa = PBXVariantGroup;
			children = (
				4799C61C29CBE7E400507853 /* Base */,
			);
			name = Main.storyboard;
			sourceTree = "<group>";
		};
		4799C62029CBE7E600507853 /* LaunchScreen.storyboard */ = {
			isa = PBXVariantGroup;
			children = (
				4799C62129CBE7E600507853 /* Base */,
			);
			name = LaunchScreen.storyboard;
			sourceTree = "<group>";
		};
/* End PBXVariantGroup section */

/* Begin XCBuildConfiguration section */
		4799C63A29CBE7E700507853 /* Debug */ = {
			isa = XCBuildConfiguration;
			buildSettings = {
				ALWAYS_SEARCH_USER_PATHS = NO;
				CLANG_ANALYZER_NONNULL = YES;
				CLANG_ANALYZER_NUMBER_OBJECT_CONVERSION = YES_AGGRESSIVE;
				CLANG_CXX_LANGUAGE_STANDARD = "gnu++20";
				CLANG_ENABLE_MODULES = YES;
				CLANG_ENABLE_OBJC_ARC = YES;
				CLANG_ENABLE_OBJC_WEAK = YES;
				CLANG_WARN_BLOCK_CAPTURE_AUTORELEASING = YES;
				CLANG_WARN_BOOL_CONVERSION = YES;
				CLANG_WARN_COMMA = YES;
				CLANG_WARN_CONSTANT_CONVERSION = YES;
				CLANG_WARN_DEPRECATED_OBJC_IMPLEMENTATIONS = YES;
				CLANG_WARN_DIRECT_OBJC_ISA_USAGE = YES_ERROR;
				CLANG_WARN_DOCUMENTATION_COMMENTS = YES;
				CLANG_WARN_EMPTY_BODY = YES;
				CLANG_WARN_ENUM_CONVERSION = YES;
				CLANG_WARN_INFINITE_RECURSION = YES;
				CLANG_WARN_INT_CONVERSION = YES;
				CLANG_WARN_NON_LITERAL_NULL_CONVERSION = YES;
				CLANG_WARN_OBJC_IMPLICIT_RETAIN_SELF = YES;
				CLANG_WARN_OBJC_LITERAL_CONVERSION = YES;
				CLANG_WARN_OBJC_ROOT_CLASS = YES_ERROR;
				CLANG_WARN_QUOTED_INCLUDE_IN_FRAMEWORK_HEADER = YES;
				CLANG_WARN_RANGE_LOOP_ANALYSIS = YES;
				CLANG_WARN_STRICT_PROTOTYPES = YES;
				CLANG_WARN_SUSPICIOUS_MOVE = YES;
				CLANG_WARN_UNGUARDED_AVAILABILITY = YES_AGGRESSIVE;
				CLANG_WARN_UNREACHABLE_CODE = YES;
				CLANG_WARN__DUPLICATE_METHOD_MATCH = YES;
				COPY_PHASE_STRIP = NO;
				DEBUG_INFORMATION_FORMAT = dwarf;
				ENABLE_STRICT_OBJC_MSGSEND = YES;
				ENABLE_TESTABILITY = YES;
				GCC_C_LANGUAGE_STANDARD = gnu11;
				GCC_DYNAMIC_NO_PIC = NO;
				GCC_NO_COMMON_BLOCKS = YES;
				GCC_OPTIMIZATION_LEVEL = 0;
				GCC_PREPROCESSOR_DEFINITIONS = (
					"DEBUG=1",
					"$(inherited)",
				);
				GCC_WARN_64_TO_32_BIT_CONVERSION = YES;
				GCC_WARN_ABOUT_RETURN_TYPE = YES_ERROR;
				GCC_WARN_UNDECLARED_SELECTOR = YES;
				GCC_WARN_UNINITIALIZED_AUTOS = YES_AGGRESSIVE;
				GCC_WARN_UNUSED_FUNCTION = YES;
				GCC_WARN_UNUSED_VARIABLE = YES;
				IPHONEOS_DEPLOYMENT_TARGET = 16.2;
				MTL_ENABLE_DEBUG_INFO = INCLUDE_SOURCE;
				MTL_FAST_MATH = YES;
				ONLY_ACTIVE_ARCH = YES;
				SDKROOT = iphoneos;
				SWIFT_ACTIVE_COMPILATION_CONDITIONS = DEBUG;
				SWIFT_OPTIMIZATION_LEVEL = "-Onone";
			};
			name = Debug;
		};
		4799C63B29CBE7E700507853 /* Release */ = {
			isa = XCBuildConfiguration;
			buildSettings = {
				ALWAYS_SEARCH_USER_PATHS = NO;
				CLANG_ANALYZER_NONNULL = YES;
				CLANG_ANALYZER_NUMBER_OBJECT_CONVERSION = YES_AGGRESSIVE;
				CLANG_CXX_LANGUAGE_STANDARD = "gnu++20";
				CLANG_ENABLE_MODULES = YES;
				CLANG_ENABLE_OBJC_ARC = YES;
				CLANG_ENABLE_OBJC_WEAK = YES;
				CLANG_WARN_BLOCK_CAPTURE_AUTORELEASING = YES;
				CLANG_WARN_BOOL_CONVERSION = YES;
				CLANG_WARN_COMMA = YES;
				CLANG_WARN_CONSTANT_CONVERSION = YES;
				CLANG_WARN_DEPRECATED_OBJC_IMPLEMENTATIONS = YES;
				CLANG_WARN_DIRECT_OBJC_ISA_USAGE = YES_ERROR;
				CLANG_WARN_DOCUMENTATION_COMMENTS = YES;
				CLANG_WARN_EMPTY_BODY = YES;
				CLANG_WARN_ENUM_CONVERSION = YES;
				CLANG_WARN_INFINITE_RECURSION = YES;
				CLANG_WARN_INT_CONVERSION = YES;
				CLANG_WARN_NON_LITERAL_NULL_CONVERSION = YES;
				CLANG_WARN_OBJC_IMPLICIT_RETAIN_SELF = YES;
				CLANG_WARN_OBJC_LITERAL_CONVERSION = YES;
				CLANG_WARN_OBJC_ROOT_CLASS = YES_ERROR;
				CLANG_WARN_QUOTED_INCLUDE_IN_FRAMEWORK_HEADER = YES;
				CLANG_WARN_RANGE_LOOP_ANALYSIS = YES;
				CLANG_WARN_STRICT_PROTOTYPES = YES;
				CLANG_WARN_SUSPICIOUS_MOVE = YES;
				CLANG_WARN_UNGUARDED_AVAILABILITY = YES_AGGRESSIVE;
				CLANG_WARN_UNREACHABLE_CODE = YES;
				CLANG_WARN__DUPLICATE_METHOD_MATCH = YES;
				COPY_PHASE_STRIP = NO;
				DEBUG_INFORMATION_FORMAT = "dwarf-with-dsym";
				ENABLE_NS_ASSERTIONS = NO;
				ENABLE_STRICT_OBJC_MSGSEND = YES;
				GCC_C_LANGUAGE_STANDARD = gnu11;
				GCC_NO_COMMON_BLOCKS = YES;
				GCC_WARN_64_TO_32_BIT_CONVERSION = YES;
				GCC_WARN_ABOUT_RETURN_TYPE = YES_ERROR;
				GCC_WARN_UNDECLARED_SELECTOR = YES;
				GCC_WARN_UNINITIALIZED_AUTOS = YES_AGGRESSIVE;
				GCC_WARN_UNUSED_FUNCTION = YES;
				GCC_WARN_UNUSED_VARIABLE = YES;
				IPHONEOS_DEPLOYMENT_TARGET = 16.2;
				MTL_ENABLE_DEBUG_INFO = NO;
				MTL_FAST_MATH = YES;
				SDKROOT = iphoneos;
				SWIFT_COMPILATION_MODE = wholemodule;
				SWIFT_OPTIMIZATION_LEVEL = "-O";
				VALIDATE_PRODUCT = YES;
			};
			name = Release;
		};
		4799C63D29CBE7E700507853 /* Debug */ = {
			isa = XCBuildConfiguration;
			buildSettings = {
				ASSETCATALOG_COMPILER_APPICON_NAME = AppIcon;
				ASSETCATALOG_COMPILER_GLOBAL_ACCENT_COLOR_NAME = AccentColor;
				CODE_SIGN_STYLE = Automatic;
				CURRENT_PROJECT_VERSION = 1;
				DEVELOPMENT_TEAM = KG9XBZH758;
				GENERATE_INFOPLIST_FILE = YES;
				INFOPLIST_FILE = SpellingBee/Info.plist;
				INFOPLIST_KEY_UIApplicationSupportsIndirectInputEvents = YES;
				INFOPLIST_KEY_UILaunchStoryboardName = LaunchScreen;
				INFOPLIST_KEY_UIMainStoryboardFile = Main;
				INFOPLIST_KEY_UISupportedInterfaceOrientations_iPad = "UIInterfaceOrientationPortrait UIInterfaceOrientationPortraitUpsideDown UIInterfaceOrientationLandscapeLeft UIInterfaceOrientationLandscapeRight";
				INFOPLIST_KEY_UISupportedInterfaceOrientations_iPhone = "UIInterfaceOrientationPortrait UIInterfaceOrientationLandscapeLeft UIInterfaceOrientationLandscapeRight";
				LD_RUNPATH_SEARCH_PATHS = (
					"$(inherited)",
					"@executable_path/Frameworks",
				);
				MARKETING_VERSION = 1.0;
				PRODUCT_BUNDLE_IDENTIFIER = shimmin.SpellingBee;
				PRODUCT_NAME = "$(TARGET_NAME)";
				SWIFT_EMIT_LOC_STRINGS = YES;
				SWIFT_VERSION = 5.0;
				TARGETED_DEVICE_FAMILY = "1,2";
			};
			name = Debug;
		};
		4799C63E29CBE7E700507853 /* Release */ = {
			isa = XCBuildConfiguration;
			buildSettings = {
				ASSETCATALOG_COMPILER_APPICON_NAME = AppIcon;
				ASSETCATALOG_COMPILER_GLOBAL_ACCENT_COLOR_NAME = AccentColor;
				CODE_SIGN_STYLE = Automatic;
				CURRENT_PROJECT_VERSION = 1;
				DEVELOPMENT_TEAM = KG9XBZH758;
				GENERATE_INFOPLIST_FILE = YES;
				INFOPLIST_FILE = SpellingBee/Info.plist;
				INFOPLIST_KEY_UIApplicationSupportsIndirectInputEvents = YES;
				INFOPLIST_KEY_UILaunchStoryboardName = LaunchScreen;
				INFOPLIST_KEY_UIMainStoryboardFile = Main;
				INFOPLIST_KEY_UISupportedInterfaceOrientations_iPad = "UIInterfaceOrientationPortrait UIInterfaceOrientationPortraitUpsideDown UIInterfaceOrientationLandscapeLeft UIInterfaceOrientationLandscapeRight";
				INFOPLIST_KEY_UISupportedInterfaceOrientations_iPhone = "UIInterfaceOrientationPortrait UIInterfaceOrientationLandscapeLeft UIInterfaceOrientationLandscapeRight";
				LD_RUNPATH_SEARCH_PATHS = (
					"$(inherited)",
					"@executable_path/Frameworks",
				);
				MARKETING_VERSION = 1.0;
				PRODUCT_BUNDLE_IDENTIFIER = shimmin.SpellingBee;
				PRODUCT_NAME = "$(TARGET_NAME)";
				SWIFT_EMIT_LOC_STRINGS = YES;
				SWIFT_VERSION = 5.0;
				TARGETED_DEVICE_FAMILY = "1,2";
			};
			name = Release;
		};
		4799C64029CBE7E700507853 /* Debug */ = {
			isa = XCBuildConfiguration;
			buildSettings = {
				ALWAYS_EMBED_SWIFT_STANDARD_LIBRARIES = YES;
				BUNDLE_LOADER = "$(TEST_HOST)";
				CODE_SIGN_STYLE = Automatic;
				CURRENT_PROJECT_VERSION = 1;
				DEVELOPMENT_TEAM = KG9XBZH758;
				GENERATE_INFOPLIST_FILE = YES;
				IPHONEOS_DEPLOYMENT_TARGET = 16.2;
				MARKETING_VERSION = 1.0;
				PRODUCT_BUNDLE_IDENTIFIER = shimmin.SpellingBeeTests;
				PRODUCT_NAME = "$(TARGET_NAME)";
				SWIFT_EMIT_LOC_STRINGS = NO;
				SWIFT_VERSION = 5.0;
				TARGETED_DEVICE_FAMILY = "1,2";
				TEST_HOST = "$(BUILT_PRODUCTS_DIR)/SpellingBee.app/$(BUNDLE_EXECUTABLE_FOLDER_PATH)/SpellingBee";
			};
			name = Debug;
		};
		4799C64129CBE7E700507853 /* Release */ = {
			isa = XCBuildConfiguration;
			buildSettings = {
				ALWAYS_EMBED_SWIFT_STANDARD_LIBRARIES = YES;
				BUNDLE_LOADER = "$(TEST_HOST)";
				CODE_SIGN_STYLE = Automatic;
				CURRENT_PROJECT_VERSION = 1;
				DEVELOPMENT_TEAM = KG9XBZH758;
				GENERATE_INFOPLIST_FILE = YES;
				IPHONEOS_DEPLOYMENT_TARGET = 16.2;
				MARKETING_VERSION = 1.0;
				PRODUCT_BUNDLE_IDENTIFIER = shimmin.SpellingBeeTests;
				PRODUCT_NAME = "$(TARGET_NAME)";
				SWIFT_EMIT_LOC_STRINGS = NO;
				SWIFT_VERSION = 5.0;
				TARGETED_DEVICE_FAMILY = "1,2";
				TEST_HOST = "$(BUILT_PRODUCTS_DIR)/SpellingBee.app/$(BUNDLE_EXECUTABLE_FOLDER_PATH)/SpellingBee";
			};
			name = Release;
		};
		4799C64329CBE7E700507853 /* Debug */ = {
			isa = XCBuildConfiguration;
			buildSettings = {
				ALWAYS_EMBED_SWIFT_STANDARD_LIBRARIES = YES;
				CODE_SIGN_STYLE = Automatic;
				CURRENT_PROJECT_VERSION = 1;
				DEVELOPMENT_TEAM = KG9XBZH758;
				GENERATE_INFOPLIST_FILE = YES;
				MARKETING_VERSION = 1.0;
				PRODUCT_BUNDLE_IDENTIFIER = shimmin.SpellingBeeUITests;
				PRODUCT_NAME = "$(TARGET_NAME)";
				SWIFT_EMIT_LOC_STRINGS = NO;
				SWIFT_VERSION = 5.0;
				TARGETED_DEVICE_FAMILY = "1,2";
				TEST_TARGET_NAME = SpellingBee;
			};
			name = Debug;
		};
		4799C64429CBE7E700507853 /* Release */ = {
			isa = XCBuildConfiguration;
			buildSettings = {
				ALWAYS_EMBED_SWIFT_STANDARD_LIBRARIES = YES;
				CODE_SIGN_STYLE = Automatic;
				CURRENT_PROJECT_VERSION = 1;
				DEVELOPMENT_TEAM = KG9XBZH758;
				GENERATE_INFOPLIST_FILE = YES;
				MARKETING_VERSION = 1.0;
				PRODUCT_BUNDLE_IDENTIFIER = shimmin.SpellingBeeUITests;
				PRODUCT_NAME = "$(TARGET_NAME)";
				SWIFT_EMIT_LOC_STRINGS = NO;
				SWIFT_VERSION = 5.0;
				TARGETED_DEVICE_FAMILY = "1,2";
				TEST_TARGET_NAME = SpellingBee;
			};
			name = Release;
		};
/* End XCBuildConfiguration section */

/* Begin XCConfigurationList section */
		4799C60D29CBE7E400507853 /* Build configuration list for PBXProject "SpellingBee" */ = {
			isa = XCConfigurationList;
			buildConfigurations = (
				4799C63A29CBE7E700507853 /* Debug */,
				4799C63B29CBE7E700507853 /* Release */,
			);
			defaultConfigurationIsVisible = 0;
			defaultConfigurationName = Release;
		};
		4799C63C29CBE7E700507853 /* Build configuration list for PBXNativeTarget "SpellingBee" */ = {
			isa = XCConfigurationList;
			buildConfigurations = (
				4799C63D29CBE7E700507853 /* Debug */,
				4799C63E29CBE7E700507853 /* Release */,
			);
			defaultConfigurationIsVisible = 0;
			defaultConfigurationName = Release;
		};
		4799C63F29CBE7E700507853 /* Build configuration list for PBXNativeTarget "SpellingBeeTests" */ = {
			isa = XCConfigurationList;
			buildConfigurations = (
				4799C64029CBE7E700507853 /* Debug */,
				4799C64129CBE7E700507853 /* Release */,
			);
			defaultConfigurationIsVisible = 0;
			defaultConfigurationName = Release;
		};
		4799C64229CBE7E700507853 /* Build configuration list for PBXNativeTarget "SpellingBeeUITests" */ = {
			isa = XCConfigurationList;
			buildConfigurations = (
				4799C64329CBE7E700507853 /* Debug */,
				4799C64429CBE7E700507853 /* Release */,
			);
			defaultConfigurationIsVisible = 0;
			defaultConfigurationName = Release;
		};
/* End XCConfigurationList section */
	};
	rootObject = 4799C60A29CBE7E400507853 /* Project object */;
}
